
Microsoft Visual Studio Solution File, Format Version 12.00
# Visual Studio Version 16
VisualStudioVersion = 16.0.29911.84
MinimumVisualStudioVersion = 10.0.40219.1
Project("{FAE04EC0-301F-11D3-BF4B-00C04F79EFBC}") = "PeselTools", "PeselTools\PeselTools.csproj", "{E33CB0A0-ACA7-4ACD-95A3-1BD3B6B74BFB}"
EndProject
Global
	GlobalSection(SolutionConfigurationPlatforms) = preSolution
		Debug|Any CPU = Debug|Any CPU
		Release|Any CPU = Release|Any CPU
	EndGlobalSection
	GlobalSection(ProjectConfigurationPlatforms) = postSolution
		{E33CB0A0-ACA7-4ACD-95A3-1BD3B6B74BFB}.Debug|Any CPU.ActiveCfg = Debug|Any CPU
		{E33CB0A0-ACA7-4ACD-95A3-1BD3B6B74BFB}.Debug|Any CPU.Build.0 = Debug|Any CPU
		{E33CB0A0-ACA7-4ACD-95A3-1BD3B6B74BFB}.Release|Any CPU.ActiveCfg = Release|Any CPU
		{E33CB0A0-ACA7-4ACD-95A3-1BD3B6B74BFB}.Release|Any CPU.Build.0 = Release|Any CPU
	EndGlobalSection
	GlobalSection(SolutionProperties) = preSolution
		HideSolutionNode = FALSE
	EndGlobalSection
	GlobalSection(ExtensibilityGlobals) = postSolution
		SolutionGuid = {6E4BF341-E121-4D9C-88EE-79CA9791785C}
	EndGlobalSection
EndGlobal
